
Microsoft Visual Studio Solution File, Format Version 12.00
Project("{FAE04EC0-301F-11D3-BF4B-00C04F79EFBC}") = "FanFiction", "FanFiction\FanFiction.csproj", "{8FB1B1C8-A4D4-4793-B782-5EAFBEB20B2A}"
EndProject
Global
	GlobalSection(SolutionConfigurationPlatforms) = preSolution
		Debug|Any CPU = Debug|Any CPU
		Release|Any CPU = Release|Any CPU
	EndGlobalSection
	GlobalSection(ProjectConfigurationPlatforms) = postSolution
		{8FB1B1C8-A4D4-4793-B782-5EAFBEB20B2A}.Debug|Any CPU.ActiveCfg = Debug|Any CPU
		{8FB1B1C8-A4D4-4793-B782-5EAFBEB20B2A}.Debug|Any CPU.Build.0 = Debug|Any CPU
		{8FB1B1C8-A4D4-4793-B782-5EAFBEB20B2A}.Release|Any CPU.ActiveCfg = Release|Any CPU
		{8FB1B1C8-A4D4-4793-B782-5EAFBEB20B2A}.Release|Any CPU.Build.0 = Release|Any CPU
	EndGlobalSection
EndGlobal
